
Microsoft Visual Studio Solution File, Format Version 12.00
# Visual Studio 15
VisualStudioVersion = 15.0.28307.757
MinimumVisualStudioVersion = 10.0.40219.1
Project("{8BC9CEB8-8B4A-11D0-8D11-00A0C91BC942}") = "61_TypePunning", "61_TypePunning\61_TypePunning.vcxproj", "{D6B6A8A1-47B0-42B0-9C30-82125618E1CC}"
EndProject
Global
	GlobalSection(SolutionConfigurationPlatforms) = preSolution
		Debug|x64 = Debug|x64
		Debug|x86 = Debug|x86
		Release|x64 = Release|x64
		Release|x86 = Release|x86
	EndGlobalSection
	GlobalSection(ProjectConfigurationPlatforms) = postSolution
		{D6B6A8A1-47B0-42B0-9C30-82125618E1CC}.Debug|x64.ActiveCfg = Debug|x64
		{D6B6A8A1-47B0-42B0-9C30-82125618E1CC}.Debug|x64.Build.0 = Debug|x64
		{D6B6A8A1-47B0-42B0-9C30-82125618E1CC}.Debug|x86.ActiveCfg = Debug|Win32
		{D6B6A8A1-47B0-42B0-9C30-82125618E1CC}.Debug|x86.Build.0 = Debug|Win32
		{D6B6A8A1-47B0-42B0-9C30-82125618E1CC}.Release|x64.ActiveCfg = Release|x64
		{D6B6A8A1-47B0-42B0-9C30-82125618E1CC}.Release|x64.Build.0 = Release|x64
		{D6B6A8A1-47B0-42B0-9C30-82125618E1CC}.Release|x86.ActiveCfg = Release|Win32
		{D6B6A8A1-47B0-42B0-9C30-82125618E1CC}.Release|x86.Build.0 = Release|Win32
	EndGlobalSection
	GlobalSection(SolutionProperties) = preSolution
		HideSolutionNode = FALSE
	EndGlobalSection
	GlobalSection(ExtensibilityGlobals) = postSolution
		SolutionGuid = {413D8308-6270-4673-8EB6-5055C9AC297E}
	EndGlobalSection
EndGlobal
