
Microsoft Visual Studio Solution File, Format Version 12.00
# Visual Studio 15
VisualStudioVersion = 15.0.28307.757
MinimumVisualStudioVersion = 10.0.40219.1
Project("{8BC9CEB8-8B4A-11D0-8D11-00A0C91BC942}") = "12_Pointers", "12_Pointers\12_Pointers.vcxproj", "{ADB38317-F0CE-4407-9646-09B0FB564FDC}"
EndProject
Global
	GlobalSection(SolutionConfigurationPlatforms) = preSolution
		Debug|x64 = Debug|x64
		Debug|x86 = Debug|x86
		Release|x64 = Release|x64
		Release|x86 = Release|x86
	EndGlobalSection
	GlobalSection(ProjectConfigurationPlatforms) = postSolution
		{ADB38317-F0CE-4407-9646-09B0FB564FDC}.Debug|x64.ActiveCfg = Debug|x64
		{ADB38317-F0CE-4407-9646-09B0FB564FDC}.Debug|x64.Build.0 = Debug|x64
		{ADB38317-F0CE-4407-9646-09B0FB564FDC}.Debug|x86.ActiveCfg = Debug|Win32
		{ADB38317-F0CE-4407-9646-09B0FB564FDC}.Debug|x86.Build.0 = Debug|Win32
		{ADB38317-F0CE-4407-9646-09B0FB564FDC}.Release|x64.ActiveCfg = Release|x64
		{ADB38317-F0CE-4407-9646-09B0FB564FDC}.Release|x64.Build.0 = Release|x64
		{ADB38317-F0CE-4407-9646-09B0FB564FDC}.Release|x86.ActiveCfg = Release|Win32
		{ADB38317-F0CE-4407-9646-09B0FB564FDC}.Release|x86.Build.0 = Release|Win32
	EndGlobalSection
	GlobalSection(SolutionProperties) = preSolution
		HideSolutionNode = FALSE
	EndGlobalSection
	GlobalSection(ExtensibilityGlobals) = postSolution
		SolutionGuid = {1CB175C4-80EC-40EE-82AE-902FE6A7730D}
	EndGlobalSection
EndGlobal
