
Microsoft Visual Studio Solution File, Format Version 12.00
# Visual Studio 15
VisualStudioVersion = 15.0.28307.757
MinimumVisualStudioVersion = 10.0.40219.1
Project("{8BC9CEB8-8B4A-11D0-8D11-00A0C91BC942}") = "15_ClassStruct", "15_ClassStruct\15_ClassStruct.vcxproj", "{2E508062-2B8C-46F3-825D-3A4E9EE40123}"
EndProject
Global
	GlobalSection(SolutionConfigurationPlatforms) = preSolution
		Debug|x64 = Debug|x64
		Debug|x86 = Debug|x86
		Release|x64 = Release|x64
		Release|x86 = Release|x86
	EndGlobalSection
	GlobalSection(ProjectConfigurationPlatforms) = postSolution
		{2E508062-2B8C-46F3-825D-3A4E9EE40123}.Debug|x64.ActiveCfg = Debug|x64
		{2E508062-2B8C-46F3-825D-3A4E9EE40123}.Debug|x64.Build.0 = Debug|x64
		{2E508062-2B8C-46F3-825D-3A4E9EE40123}.Debug|x86.ActiveCfg = Debug|Win32
		{2E508062-2B8C-46F3-825D-3A4E9EE40123}.Debug|x86.Build.0 = Debug|Win32
		{2E508062-2B8C-46F3-825D-3A4E9EE40123}.Release|x64.ActiveCfg = Release|x64
		{2E508062-2B8C-46F3-825D-3A4E9EE40123}.Release|x64.Build.0 = Release|x64
		{2E508062-2B8C-46F3-825D-3A4E9EE40123}.Release|x86.ActiveCfg = Release|Win32
		{2E508062-2B8C-46F3-825D-3A4E9EE40123}.Release|x86.Build.0 = Release|Win32
	EndGlobalSection
	GlobalSection(SolutionProperties) = preSolution
		HideSolutionNode = FALSE
	EndGlobalSection
	GlobalSection(ExtensibilityGlobals) = postSolution
		SolutionGuid = {420DBB44-AAB8-4330-ADC4-869050F316FB}
	EndGlobalSection
EndGlobal
