
Microsoft Visual Studio Solution File, Format Version 12.00
# Visual Studio 15
VisualStudioVersion = 15.0.28307.757
MinimumVisualStudioVersion = 10.0.40219.1
Project("{8BC9CEB8-8B4A-11D0-8D11-00A0C91BC942}") = "59_MultidimensionalArrays", "59_MultidimensionalArrays\59_MultidimensionalArrays.vcxproj", "{6022A6FC-6ACA-4BFE-8082-A040465C4E19}"
EndProject
Global
	GlobalSection(SolutionConfigurationPlatforms) = preSolution
		Debug|x64 = Debug|x64
		Debug|x86 = Debug|x86
		Release|x64 = Release|x64
		Release|x86 = Release|x86
	EndGlobalSection
	GlobalSection(ProjectConfigurationPlatforms) = postSolution
		{6022A6FC-6ACA-4BFE-8082-A040465C4E19}.Debug|x64.ActiveCfg = Debug|x64
		{6022A6FC-6ACA-4BFE-8082-A040465C4E19}.Debug|x64.Build.0 = Debug|x64
		{6022A6FC-6ACA-4BFE-8082-A040465C4E19}.Debug|x86.ActiveCfg = Debug|Win32
		{6022A6FC-6ACA-4BFE-8082-A040465C4E19}.Debug|x86.Build.0 = Debug|Win32
		{6022A6FC-6ACA-4BFE-8082-A040465C4E19}.Release|x64.ActiveCfg = Release|x64
		{6022A6FC-6ACA-4BFE-8082-A040465C4E19}.Release|x64.Build.0 = Release|x64
		{6022A6FC-6ACA-4BFE-8082-A040465C4E19}.Release|x86.ActiveCfg = Release|Win32
		{6022A6FC-6ACA-4BFE-8082-A040465C4E19}.Release|x86.Build.0 = Release|Win32
	EndGlobalSection
	GlobalSection(SolutionProperties) = preSolution
		HideSolutionNode = FALSE
	EndGlobalSection
	GlobalSection(ExtensibilityGlobals) = postSolution
		SolutionGuid = {C03CC8EE-A05B-474D-A0E3-5001DA4DAF24}
	EndGlobalSection
EndGlobal
