
Microsoft Visual Studio Solution File, Format Version 12.00
# Visual Studio 15
VisualStudioVersion = 15.0.28307.757
MinimumVisualStudioVersion = 10.0.40219.1
Project("{8BC9CEB8-8B4A-11D0-8D11-00A0C91BC942}") = "36_Explicit", "36_Explicit\36_Explicit.vcxproj", "{0266B6AE-7BB2-4CFF-B4CF-988F26D63272}"
EndProject
Global
	GlobalSection(SolutionConfigurationPlatforms) = preSolution
		Debug|x64 = Debug|x64
		Debug|x86 = Debug|x86
		Release|x64 = Release|x64
		Release|x86 = Release|x86
	EndGlobalSection
	GlobalSection(ProjectConfigurationPlatforms) = postSolution
		{0266B6AE-7BB2-4CFF-B4CF-988F26D63272}.Debug|x64.ActiveCfg = Debug|x64
		{0266B6AE-7BB2-4CFF-B4CF-988F26D63272}.Debug|x64.Build.0 = Debug|x64
		{0266B6AE-7BB2-4CFF-B4CF-988F26D63272}.Debug|x86.ActiveCfg = Debug|Win32
		{0266B6AE-7BB2-4CFF-B4CF-988F26D63272}.Debug|x86.Build.0 = Debug|Win32
		{0266B6AE-7BB2-4CFF-B4CF-988F26D63272}.Release|x64.ActiveCfg = Release|x64
		{0266B6AE-7BB2-4CFF-B4CF-988F26D63272}.Release|x64.Build.0 = Release|x64
		{0266B6AE-7BB2-4CFF-B4CF-988F26D63272}.Release|x86.ActiveCfg = Release|Win32
		{0266B6AE-7BB2-4CFF-B4CF-988F26D63272}.Release|x86.Build.0 = Release|Win32
	EndGlobalSection
	GlobalSection(SolutionProperties) = preSolution
		HideSolutionNode = FALSE
	EndGlobalSection
	GlobalSection(ExtensibilityGlobals) = postSolution
		SolutionGuid = {BBED986F-77A0-4378-B269-EC670C352438}
	EndGlobalSection
EndGlobal
