
Microsoft Visual Studio Solution File, Format Version 12.00
# Visual Studio 15
VisualStudioVersion = 15.0.28307.757
MinimumVisualStudioVersion = 10.0.40219.1
Project("{8BC9CEB8-8B4A-11D0-8D11-00A0C91BC942}") = "17_Static", "17_Static\17_Static.vcxproj", "{611A7112-767D-4754-AB29-45B6A6CC7EA2}"
EndProject
Global
	GlobalSection(SolutionConfigurationPlatforms) = preSolution
		Debug|x64 = Debug|x64
		Debug|x86 = Debug|x86
		Release|x64 = Release|x64
		Release|x86 = Release|x86
	EndGlobalSection
	GlobalSection(ProjectConfigurationPlatforms) = postSolution
		{611A7112-767D-4754-AB29-45B6A6CC7EA2}.Debug|x64.ActiveCfg = Debug|x64
		{611A7112-767D-4754-AB29-45B6A6CC7EA2}.Debug|x64.Build.0 = Debug|x64
		{611A7112-767D-4754-AB29-45B6A6CC7EA2}.Debug|x86.ActiveCfg = Debug|Win32
		{611A7112-767D-4754-AB29-45B6A6CC7EA2}.Debug|x86.Build.0 = Debug|Win32
		{611A7112-767D-4754-AB29-45B6A6CC7EA2}.Release|x64.ActiveCfg = Release|x64
		{611A7112-767D-4754-AB29-45B6A6CC7EA2}.Release|x64.Build.0 = Release|x64
		{611A7112-767D-4754-AB29-45B6A6CC7EA2}.Release|x86.ActiveCfg = Release|Win32
		{611A7112-767D-4754-AB29-45B6A6CC7EA2}.Release|x86.Build.0 = Release|Win32
	EndGlobalSection
	GlobalSection(SolutionProperties) = preSolution
		HideSolutionNode = FALSE
	EndGlobalSection
	GlobalSection(ExtensibilityGlobals) = postSolution
		SolutionGuid = {89EA10DD-3A4A-4C0F-9340-11E9B6D51FF7}
	EndGlobalSection
EndGlobal
